// !$*UTF8*$!
{
	archiveVersion = 1;
	classes = {
	};
	objectVersion = 46;
	objects = {

/* Begin PBXBuildFile section */
		90089B311A29CCAE00148B04 /* main.m in Sources */ = {isa = PBXBuildFile; fileRef = 90089B301A29CCAE00148B04 /* main.m */; };
		90089B341A29CCAE00148B04 /* AppDelegate.m in Sources */ = {isa = PBXBuildFile; fileRef = 90089B331A29CCAE00148B04 /* AppDelegate.m */; };
		90089B3A1A29CCAE00148B04 /* Main.storyboard in Resources */ = {isa = PBXBuildFile; fileRef = 90089B381A29CCAE00148B04 /* Main.storyboard */; };
		90089B3C1A29CCAE00148B04 /* Images.xcassets in Resources */ = {isa = PBXBuildFile; fileRef = 90089B3B1A29CCAE00148B04 /* Images.xcassets */; };
		90089B3F1A29CCAE00148B04 /* LaunchScreen.xib in Resources */ = {isa = PBXBuildFile; fileRef = 90089B3D1A29CCAE00148B04 /* LaunchScreen.xib */; };
		90089B4B1A29CCAE00148B04 /* iPropsTests.m in Sources */ = {isa = PBXBuildFile; fileRef = 90089B4A1A29CCAE00148B04 /* iPropsTests.m */; };
		90089B551A29D2CA00148B04 /* Social.framework in Frameworks */ = {isa = PBXBuildFile; fileRef = 90089B541A29D2CA00148B04 /* Social.framework */; };
		90089B571A29D2D400148B04 /* Twitter.framework in Frameworks */ = {isa = PBXBuildFile; fileRef = 90089B561A29D2D400148B04 /* Twitter.framework */; };
		90089B591A29DD7E00148B04 /* PropsViewController.storyboard in Resources */ = {isa = PBXBuildFile; fileRef = 90089B581A29DD7E00148B04 /* PropsViewController.storyboard */; };
		90089B5C1A29DDB400148B04 /* RootTabViewController.m in Sources */ = {isa = PBXBuildFile; fileRef = 90089B5B1A29DDB400148B04 /* RootTabViewController.m */; };
		A42C9E891A29E70D00F3F8B5 /* UsersViewController.storyboard in Resources */ = {isa = PBXBuildFile; fileRef = A42C9E881A29E70D00F3F8B5 /* UsersViewController.storyboard */; };
		A43E739B1A2B0EC60019A6DF /* PropsDetailsViewController.m in Sources */ = {isa = PBXBuildFile; fileRef = A43E739A1A2B0EC60019A6DF /* PropsDetailsViewController.m */; };
		A48BF63D1A29F39300D972C3 /* UserModel.m in Sources */ = {isa = PBXBuildFile; fileRef = A48BF63C1A29F39300D972C3 /* UserModel.m */; };
		A48BF6421A29FECA00D972C3 /* UsersTableViewController.m in Sources */ = {isa = PBXBuildFile; fileRef = A48BF6411A29FECA00D972C3 /* UsersTableViewController.m */; };
		A6A371ADDFC99FFFB7182EF8 /* libPods-iProps.a in Frameworks */ = {isa = PBXBuildFile; fileRef = 526D9AD6B50AD389BF42A3F7 /* libPods-iProps.a */; };
		CE1B97B21A29E905005EC2D0 /* PropsTableViewController.m in Sources */ = {isa = PBXBuildFile; fileRef = CE1B97B11A29E905005EC2D0 /* PropsTableViewController.m */; };
		CE1B97B41A29F5D4005EC2D0 /* Accounts.framework in Frameworks */ = {isa = PBXBuildFile; fileRef = CE1B97B31A29F5D4005EC2D0 /* Accounts.framework */; };
		CE1B97B71A29FB17005EC2D0 /* TwitterRequest.m in Sources */ = {isa = PBXBuildFile; fileRef = CE1B97B61A29FB17005EC2D0 /* TwitterRequest.m */; };
		CE1B97BD1A2A0FC2005EC2D0 /* TweetModel.m in Sources */ = {isa = PBXBuildFile; fileRef = CE1B97BC1A2A0FC2005EC2D0 /* TweetModel.m */; };
		CE1B97BF1A2A1CDD005EC2D0 /* Awesome.png in Resources */ = {isa = PBXBuildFile; fileRef = CE1B97BE1A2A1CDD005EC2D0 /* Awesome.png */; };
/* End PBXBuildFile section */

/* Begin PBXContainerItemProxy section */
		90089B451A29CCAE00148B04 /* PBXContainerItemProxy */ = {
			isa = PBXContainerItemProxy;
			containerPortal = 90089B231A29CCAE00148B04 /* Project object */;
			proxyType = 1;
			remoteGlobalIDString = 90089B2A1A29CCAE00148B04;
			remoteInfo = iProps;
		};
/* End PBXContainerItemProxy section */

/* Begin PBXFileReference section */
		526D9AD6B50AD389BF42A3F7 /* libPods-iProps.a */ = {isa = PBXFileReference; explicitFileType = archive.ar; includeInIndex = 0; path = "libPods-iProps.a"; sourceTree = BUILT_PRODUCTS_DIR; };
		81B478D9A7A8900BFA4ABA3B /* Pods-iProps.debug.xcconfig */ = {isa = PBXFileReference; includeInIndex = 1; lastKnownFileType = text.xcconfig; name = "Pods-iProps.debug.xcconfig"; path = "Pods/Target Support Files/Pods-iProps/Pods-iProps.debug.xcconfig"; sourceTree = "<group>"; };
		90089B2B1A29CCAE00148B04 /* iProps.app */ = {isa = PBXFileReference; explicitFileType = wrapper.application; includeInIndex = 0; path = iProps.app; sourceTree = BUILT_PRODUCTS_DIR; };
		90089B2F1A29CCAE00148B04 /* Info.plist */ = {isa = PBXFileReference; lastKnownFileType = text.plist.xml; path = Info.plist; sourceTree = "<group>"; };
		90089B301A29CCAE00148B04 /* main.m */ = {isa = PBXFileReference; lastKnownFileType = sourcecode.c.objc; path = main.m; sourceTree = "<group>"; };
		90089B321A29CCAE00148B04 /* AppDelegate.h */ = {isa = PBXFileReference; lastKnownFileType = sourcecode.c.h; path = AppDelegate.h; sourceTree = "<group>"; };
		90089B331A29CCAE00148B04 /* AppDelegate.m */ = {isa = PBXFileReference; lastKnownFileType = sourcecode.c.objc; path = AppDelegate.m; sourceTree = "<group>"; };
		90089B391A29CCAE00148B04 /* Base */ = {isa = PBXFileReference; lastKnownFileType = file.storyboard; name = Base; path = Base.lproj/Main.storyboard; sourceTree = "<group>"; };
		90089B3B1A29CCAE00148B04 /* Images.xcassets */ = {isa = PBXFileReference; lastKnownFileType = folder.assetcatalog; path = Images.xcassets; sourceTree = "<group>"; };
		90089B3E1A29CCAE00148B04 /* Base */ = {isa = PBXFileReference; lastKnownFileType = file.xib; name = Base; path = Base.lproj/LaunchScreen.xib; sourceTree = "<group>"; };
		90089B441A29CCAE00148B04 /* iPropsTests.xctest */ = {isa = PBXFileReference; explicitFileType = wrapper.cfbundle; includeInIndex = 0; path = iPropsTests.xctest; sourceTree = BUILT_PRODUCTS_DIR; };
		90089B491A29CCAE00148B04 /* Info.plist */ = {isa = PBXFileReference; lastKnownFileType = text.plist.xml; path = Info.plist; sourceTree = "<group>"; };
		90089B4A1A29CCAE00148B04 /* iPropsTests.m */ = {isa = PBXFileReference; lastKnownFileType = sourcecode.c.objc; path = iPropsTests.m; sourceTree = "<group>"; };
		90089B541A29D2CA00148B04 /* Social.framework */ = {isa = PBXFileReference; lastKnownFileType = wrapper.framework; name = Social.framework; path = System/Library/Frameworks/Social.framework; sourceTree = SDKROOT; };
		90089B561A29D2D400148B04 /* Twitter.framework */ = {isa = PBXFileReference; lastKnownFileType = wrapper.framework; name = Twitter.framework; path = System/Library/Frameworks/Twitter.framework; sourceTree = SDKROOT; };
		90089B581A29DD7E00148B04 /* PropsViewController.storyboard */ = {isa = PBXFileReference; fileEncoding = 4; lastKnownFileType = file.storyboard; path = PropsViewController.storyboard; sourceTree = "<group>"; };
		90089B5A1A29DDB400148B04 /* RootTabViewController.h */ = {isa = PBXFileReference; fileEncoding = 4; lastKnownFileType = sourcecode.c.h; path = RootTabViewController.h; sourceTree = "<group>"; };
		90089B5B1A29DDB400148B04 /* RootTabViewController.m */ = {isa = PBXFileReference; fileEncoding = 4; lastKnownFileType = sourcecode.c.objc; path = RootTabViewController.m; sourceTree = "<group>"; };
		9A195377468B20AF4E3D8DFC /* Pods-iProps.release.xcconfig */ = {isa = PBXFileReference; includeInIndex = 1; lastKnownFileType = text.xcconfig; name = "Pods-iProps.release.xcconfig"; path = "Pods/Target Support Files/Pods-iProps/Pods-iProps.release.xcconfig"; sourceTree = "<group>"; };
		A42C9E881A29E70D00F3F8B5 /* UsersViewController.storyboard */ = {isa = PBXFileReference; fileEncoding = 4; lastKnownFileType = file.storyboard; path = UsersViewController.storyboard; sourceTree = "<group>"; };
		A43E73991A2B0EC60019A6DF /* PropsDetailsViewController.h */ = {isa = PBXFileReference; fileEncoding = 4; lastKnownFileType = sourcecode.c.h; path = PropsDetailsViewController.h; sourceTree = "<group>"; };
		A43E739A1A2B0EC60019A6DF /* PropsDetailsViewController.m */ = {isa = PBXFileReference; fileEncoding = 4; lastKnownFileType = sourcecode.c.objc; path = PropsDetailsViewController.m; sourceTree = "<group>"; };
		A48BF63B1A29F39300D972C3 /* UserModel.h */ = {isa = PBXFileReference; fileEncoding = 4; lastKnownFileType = sourcecode.c.h; path = UserModel.h; sourceTree = "<group>"; };
		A48BF63C1A29F39300D972C3 /* UserModel.m */ = {isa = PBXFileReference; fileEncoding = 4; lastKnownFileType = sourcecode.c.objc; path = UserModel.m; sourceTree = "<group>"; };
		A48BF6401A29FECA00D972C3 /* UsersTableViewController.h */ = {isa = PBXFileReference; fileEncoding = 4; lastKnownFileType = sourcecode.c.h; path = UsersTableViewController.h; sourceTree = "<group>"; };
		A48BF6411A29FECA00D972C3 /* UsersTableViewController.m */ = {isa = PBXFileReference; fileEncoding = 4; lastKnownFileType = sourcecode.c.objc; path = UsersTableViewController.m; sourceTree = "<group>"; };
		CE1B97B01A29E905005EC2D0 /* PropsTableViewController.h */ = {isa = PBXFileReference; fileEncoding = 4; lastKnownFileType = sourcecode.c.h; path = PropsTableViewController.h; sourceTree = "<group>"; };
		CE1B97B11A29E905005EC2D0 /* PropsTableViewController.m */ = {isa = PBXFileReference; fileEncoding = 4; lastKnownFileType = sourcecode.c.objc; path = PropsTableViewController.m; sourceTree = "<group>"; };
		CE1B97B31A29F5D4005EC2D0 /* Accounts.framework */ = {isa = PBXFileReference; lastKnownFileType = wrapper.framework; name = Accounts.framework; path = System/Library/Frameworks/Accounts.framework; sourceTree = SDKROOT; };
		CE1B97B51A29FB17005EC2D0 /* TwitterRequest.h */ = {isa = PBXFileReference; fileEncoding = 4; lastKnownFileType = sourcecode.c.h; path = TwitterRequest.h; sourceTree = "<group>"; };
		CE1B97B61A29FB17005EC2D0 /* TwitterRequest.m */ = {isa = PBXFileReference; fileEncoding = 4; lastKnownFileType = sourcecode.c.objc; path = TwitterRequest.m; sourceTree = "<group>"; };
		CE1B97BB1A2A0FC2005EC2D0 /* TweetModel.h */ = {isa = PBXFileReference; fileEncoding = 4; lastKnownFileType = sourcecode.c.h; path = TweetModel.h; sourceTree = "<group>"; };
		CE1B97BC1A2A0FC2005EC2D0 /* TweetModel.m */ = {isa = PBXFileReference; fileEncoding = 4; lastKnownFileType = sourcecode.c.objc; path = TweetModel.m; sourceTree = "<group>"; };
		CE1B97BE1A2A1CDD005EC2D0 /* Awesome.png */ = {isa = PBXFileReference; lastKnownFileType = image.png; path = Awesome.png; sourceTree = "<group>"; };
/* End PBXFileReference section */

/* Begin PBXFrameworksBuildPhase section */
		90089B281A29CCAE00148B04 /* Frameworks */ = {
			isa = PBXFrameworksBuildPhase;
			buildActionMask = 2147483647;
			files = (
				CE1B97B41A29F5D4005EC2D0 /* Accounts.framework in Frameworks */,
				90089B571A29D2D400148B04 /* Twitter.framework in Frameworks */,
				90089B551A29D2CA00148B04 /* Social.framework in Frameworks */,
				A6A371ADDFC99FFFB7182EF8 /* libPods-iProps.a in Frameworks */,
			);
			runOnlyForDeploymentPostprocessing = 0;
		};
		90089B411A29CCAE00148B04 /* Frameworks */ = {
			isa = PBXFrameworksBuildPhase;
			buildActionMask = 2147483647;
			files = (
			);
			runOnlyForDeploymentPostprocessing = 0;
		};
/* End PBXFrameworksBuildPhase section */

/* Begin PBXGroup section */
		19F85D28B5CC9766A75EFBB4 /* Pods */ = {
			isa = PBXGroup;
			children = (
				81B478D9A7A8900BFA4ABA3B /* Pods-iProps.debug.xcconfig */,
				9A195377468B20AF4E3D8DFC /* Pods-iProps.release.xcconfig */,
			);
			name = Pods;
			sourceTree = "<group>";
		};
		90089B221A29CCAE00148B04 = {
			isa = PBXGroup;
			children = (
				90089B561A29D2D400148B04 /* Twitter.framework */,
				90089B541A29D2CA00148B04 /* Social.framework */,
				90089B2D1A29CCAE00148B04 /* iProps */,
				90089B471A29CCAE00148B04 /* iPropsTests */,
				90089B2C1A29CCAE00148B04 /* Products */,
				19F85D28B5CC9766A75EFBB4 /* Pods */,
				D19F02FBBF9CF794B3F44065 /* Frameworks */,
			);
			sourceTree = "<group>";
		};
		90089B2C1A29CCAE00148B04 /* Products */ = {
			isa = PBXGroup;
			children = (
				90089B2B1A29CCAE00148B04 /* iProps.app */,
				90089B441A29CCAE00148B04 /* iPropsTests.xctest */,
			);
			name = Products;
			sourceTree = "<group>";
		};
		90089B2D1A29CCAE00148B04 /* iProps */ = {
			isa = PBXGroup;
			children = (
				CE1B97BA1A2A0E1D005EC2D0 /* Views */,
				CE1B97B91A2A0DFD005EC2D0 /* Controllers */,
				CE1B97B81A2A0DE6005EC2D0 /* Models */,
				90089B321A29CCAE00148B04 /* AppDelegate.h */,
				90089B331A29CCAE00148B04 /* AppDelegate.m */,
				90089B3B1A29CCAE00148B04 /* Images.xcassets */,
				90089B2E1A29CCAE00148B04 /* Supporting Files */,
			);
			path = iProps;
			sourceTree = "<group>";
		};
		90089B2E1A29CCAE00148B04 /* Supporting Files */ = {
			isa = PBXGroup;
			children = (
				CE1B97BE1A2A1CDD005EC2D0 /* Awesome.png */,
				90089B2F1A29CCAE00148B04 /* Info.plist */,
				90089B301A29CCAE00148B04 /* main.m */,
			);
			name = "Supporting Files";
			sourceTree = "<group>";
		};
		90089B471A29CCAE00148B04 /* iPropsTests */ = {
			isa = PBXGroup;
			children = (
				90089B4A1A29CCAE00148B04 /* iPropsTests.m */,
				90089B481A29CCAE00148B04 /* Supporting Files */,
			);
			path = iPropsTests;
			sourceTree = "<group>";
		};
		90089B481A29CCAE00148B04 /* Supporting Files */ = {
			isa = PBXGroup;
			children = (
				90089B491A29CCAE00148B04 /* Info.plist */,
			);
			name = "Supporting Files";
			sourceTree = "<group>";
		};
		CE1B97B81A2A0DE6005EC2D0 /* Models */ = {
			isa = PBXGroup;
			children = (
				CE1B97B51A29FB17005EC2D0 /* TwitterRequest.h */,
				CE1B97B61A29FB17005EC2D0 /* TwitterRequest.m */,
				A48BF63B1A29F39300D972C3 /* UserModel.h */,
				A48BF63C1A29F39300D972C3 /* UserModel.m */,
				CE1B97BB1A2A0FC2005EC2D0 /* TweetModel.h */,
				CE1B97BC1A2A0FC2005EC2D0 /* TweetModel.m */,
			);
			name = Models;
			sourceTree = "<group>";
		};
		CE1B97B91A2A0DFD005EC2D0 /* Controllers */ = {
			isa = PBXGroup;
			children = (
				A43E73991A2B0EC60019A6DF /* PropsDetailsViewController.h */,
				A43E739A1A2B0EC60019A6DF /* PropsDetailsViewController.m */,
				CE1B97B01A29E905005EC2D0 /* PropsTableViewController.h */,
				CE1B97B11A29E905005EC2D0 /* PropsTableViewController.m */,
				90089B5A1A29DDB400148B04 /* RootTabViewController.h */,
				90089B5B1A29DDB400148B04 /* RootTabViewController.m */,
				A48BF6401A29FECA00D972C3 /* UsersTableViewController.h */,
				A48BF6411A29FECA00D972C3 /* UsersTableViewController.m */,
			);
			name = Controllers;
			sourceTree = "<group>";
		};
		CE1B97BA1A2A0E1D005EC2D0 /* Views */ = {
			isa = PBXGroup;
			children = (
				90089B381A29CCAE00148B04 /* Main.storyboard */,
				90089B3D1A29CCAE00148B04 /* LaunchScreen.xib */,
				90089B581A29DD7E00148B04 /* PropsViewController.storyboard */,
				A42C9E881A29E70D00F3F8B5 /* UsersViewController.storyboard */,
			);
			name = Views;
			sourceTree = "<group>";
		};
		D19F02FBBF9CF794B3F44065 /* Frameworks */ = {
			isa = PBXGroup;
			children = (
				CE1B97B31A29F5D4005EC2D0 /* Accounts.framework */,
				526D9AD6B50AD389BF42A3F7 /* libPods-iProps.a */,
			);
			name = Frameworks;
			sourceTree = "<group>";
		};
/* End PBXGroup section */

/* Begin PBXNativeTarget section */
		90089B2A1A29CCAE00148B04 /* iProps */ = {
			isa = PBXNativeTarget;
			buildConfigurationList = 90089B4E1A29CCAE00148B04 /* Build configuration list for PBXNativeTarget "iProps" */;
			buildPhases = (
				B3C5ACAB82024A83804FE5F5 /* Check Pods Manifest.lock */,
				90089B271A29CCAE00148B04 /* Sources */,
				90089B281A29CCAE00148B04 /* Frameworks */,
				90089B291A29CCAE00148B04 /* Resources */,
				D7F0425ABFC89A4C2A81204A /* Copy Pods Resources */,
			);
			buildRules = (
			);
			dependencies = (
			);
			name = iProps;
			productName = iProps;
			productReference = 90089B2B1A29CCAE00148B04 /* iProps.app */;
			productType = "com.apple.product-type.application";
		};
		90089B431A29CCAE00148B04 /* iPropsTests */ = {
			isa = PBXNativeTarget;
			buildConfigurationList = 90089B511A29CCAE00148B04 /* Build configuration list for PBXNativeTarget "iPropsTests" */;
			buildPhases = (
				90089B401A29CCAE00148B04 /* Sources */,
				90089B411A29CCAE00148B04 /* Frameworks */,
				90089B421A29CCAE00148B04 /* Resources */,
			);
			buildRules = (
			);
			dependencies = (
				90089B461A29CCAE00148B04 /* PBXTargetDependency */,
			);
			name = iPropsTests;
			productName = iPropsTests;
			productReference = 90089B441A29CCAE00148B04 /* iPropsTests.xctest */;
			productType = "com.apple.product-type.bundle.unit-test";
		};
/* End PBXNativeTarget section */

/* Begin PBXProject section */
		90089B231A29CCAE00148B04 /* Project object */ = {
			isa = PBXProject;
			attributes = {
				LastUpgradeCheck = 0610;
				ORGANIZATIONNAME = Netguru;
				TargetAttributes = {
					90089B2A1A29CCAE00148B04 = {
						CreatedOnToolsVersion = 6.1;
						DevelopmentTeam = SK8PDF7SG9;
					};
					90089B431A29CCAE00148B04 = {
						CreatedOnToolsVersion = 6.1;
						TestTargetID = 90089B2A1A29CCAE00148B04;
					};
				};
			};
			buildConfigurationList = 90089B261A29CCAE00148B04 /* Build configuration list for PBXProject "iProps" */;
			compatibilityVersion = "Xcode 3.2";
			developmentRegion = English;
			hasScannedForEncodings = 0;
			knownRegions = (
				en,
				Base,
			);
			mainGroup = 90089B221A29CCAE00148B04;
			productRefGroup = 90089B2C1A29CCAE00148B04 /* Products */;
			projectDirPath = "";
			projectRoot = "";
			targets = (
				90089B2A1A29CCAE00148B04 /* iProps */,
				90089B431A29CCAE00148B04 /* iPropsTests */,
			);
		};
/* End PBXProject section */

/* Begin PBXResourcesBuildPhase section */
		90089B291A29CCAE00148B04 /* Resources */ = {
			isa = PBXResourcesBuildPhase;
			buildActionMask = 2147483647;
			files = (
				A42C9E891A29E70D00F3F8B5 /* UsersViewController.storyboard in Resources */,
				90089B591A29DD7E00148B04 /* PropsViewController.storyboard in Resources */,
				90089B3A1A29CCAE00148B04 /* Main.storyboard in Resources */,
				90089B3F1A29CCAE00148B04 /* LaunchScreen.xib in Resources */,
				90089B3C1A29CCAE00148B04 /* Images.xcassets in Resources */,
				CE1B97BF1A2A1CDD005EC2D0 /* Awesome.png in Resources */,
			);
			runOnlyForDeploymentPostprocessing = 0;
		};
		90089B421A29CCAE00148B04 /* Resources */ = {
			isa = PBXResourcesBuildPhase;
			buildActionMask = 2147483647;
			files = (
			);
			runOnlyForDeploymentPostprocessing = 0;
		};
/* End PBXResourcesBuildPhase section */

/* Begin PBXShellScriptBuildPhase section */
		B3C5ACAB82024A83804FE5F5 /* Check Pods Manifest.lock */ = {
			isa = PBXShellScriptBuildPhase;
			buildActionMask = 2147483647;
			files = (
			);
			inputPaths = (
			);
			name = "Check Pods Manifest.lock";
			outputPaths = (
			);
			runOnlyForDeploymentPostprocessing = 0;
			shellPath = /bin/sh;
			shellScript = "diff \"${PODS_ROOT}/../Podfile.lock\" \"${PODS_ROOT}/Manifest.lock\" > /dev/null\nif [[ $? != 0 ]] ; then\n    cat << EOM\nerror: The sandbox is not in sync with the Podfile.lock. Run 'pod install' or update your CocoaPods installation.\nEOM\n    exit 1\nfi\n";
			showEnvVarsInLog = 0;
		};
		D7F0425ABFC89A4C2A81204A /* Copy Pods Resources */ = {
			isa = PBXShellScriptBuildPhase;
			buildActionMask = 2147483647;
			files = (
			);
			inputPaths = (
			);
			name = "Copy Pods Resources";
			outputPaths = (
			);
			runOnlyForDeploymentPostprocessing = 0;
			shellPath = /bin/sh;
			shellScript = "\"${SRCROOT}/Pods/Target Support Files/Pods-iProps/Pods-iProps-resources.sh\"\n";
			showEnvVarsInLog = 0;
		};
/* End PBXShellScriptBuildPhase section */

/* Begin PBXSourcesBuildPhase section */
		90089B271A29CCAE00148B04 /* Sources */ = {
			isa = PBXSourcesBuildPhase;
			buildActionMask = 2147483647;
			files = (
				90089B5C1A29DDB400148B04 /* RootTabViewController.m in Sources */,
				CE1B97BD1A2A0FC2005EC2D0 /* TweetModel.m in Sources */,
				CE1B97B71A29FB17005EC2D0 /* TwitterRequest.m in Sources */,
				A48BF6421A29FECA00D972C3 /* UsersTableViewController.m in Sources */,
				A48BF63D1A29F39300D972C3 /* UserModel.m in Sources */,
				90089B341A29CCAE00148B04 /* AppDelegate.m in Sources */,
				90089B311A29CCAE00148B04 /* main.m in Sources */,
				CE1B97B21A29E905005EC2D0 /* PropsTableViewController.m in Sources */,
				A43E739B1A2B0EC60019A6DF /* PropsDetailsViewController.m in Sources */,
			);
			runOnlyForDeploymentPostprocessing = 0;
		};
		90089B401A29CCAE00148B04 /* Sources */ = {
			isa = PBXSourcesBuildPhase;
			buildActionMask = 2147483647;
			files = (
				90089B4B1A29CCAE00148B04 /* iPropsTests.m in Sources */,
			);
			runOnlyForDeploymentPostprocessing = 0;
		};
/* End PBXSourcesBuildPhase section */

/* Begin PBXTargetDependency section */
		90089B461A29CCAE00148B04 /* PBXTargetDependency */ = {
			isa = PBXTargetDependency;
			target = 90089B2A1A29CCAE00148B04 /* iProps */;
			targetProxy = 90089B451A29CCAE00148B04 /* PBXContainerItemProxy */;
		};
/* End PBXTargetDependency section */

/* Begin PBXVariantGroup section */
		90089B381A29CCAE00148B04 /* Main.storyboard */ = {
			isa = PBXVariantGroup;
			children = (
				90089B391A29CCAE00148B04 /* Base */,
			);
			name = Main.storyboard;
			sourceTree = "<group>";
		};
		90089B3D1A29CCAE00148B04 /* LaunchScreen.xib */ = {
			isa = PBXVariantGroup;
			children = (
				90089B3E1A29CCAE00148B04 /* Base */,
			);
			name = LaunchScreen.xib;
			sourceTree = "<group>";
		};
/* End PBXVariantGroup section */

/* Begin XCBuildConfiguration section */
		90089B4C1A29CCAE00148B04 /* Debug */ = {
			isa = XCBuildConfiguration;
			buildSettings = {
				ALWAYS_SEARCH_USER_PATHS = NO;
				CLANG_CXX_LANGUAGE_STANDARD = "gnu++0x";
				CLANG_CXX_LIBRARY = "libc++";
				CLANG_ENABLE_MODULES = YES;
				CLANG_ENABLE_OBJC_ARC = YES;
				CLANG_WARN_BOOL_CONVERSION = YES;
				CLANG_WARN_CONSTANT_CONVERSION = YES;
				CLANG_WARN_DIRECT_OBJC_ISA_USAGE = YES_ERROR;
				CLANG_WARN_EMPTY_BODY = YES;
				CLANG_WARN_ENUM_CONVERSION = YES;
				CLANG_WARN_INT_CONVERSION = YES;
				CLANG_WARN_OBJC_ROOT_CLASS = YES_ERROR;
				CLANG_WARN_UNREACHABLE_CODE = YES;
				CLANG_WARN__DUPLICATE_METHOD_MATCH = YES;
				"CODE_SIGN_IDENTITY[sdk=iphoneos*]" = "iPhone Developer";
				COPY_PHASE_STRIP = NO;
				ENABLE_STRICT_OBJC_MSGSEND = YES;
				GCC_C_LANGUAGE_STANDARD = gnu99;
				GCC_DYNAMIC_NO_PIC = NO;
				GCC_OPTIMIZATION_LEVEL = 0;
				GCC_PREPROCESSOR_DEFINITIONS = (
					"DEBUG=1",
					"$(inherited)",
				);
				GCC_SYMBOLS_PRIVATE_EXTERN = NO;
				GCC_WARN_64_TO_32_BIT_CONVERSION = YES;
				GCC_WARN_ABOUT_RETURN_TYPE = YES_ERROR;
				GCC_WARN_UNDECLARED_SELECTOR = YES;
				GCC_WARN_UNINITIALIZED_AUTOS = YES_AGGRESSIVE;
				GCC_WARN_UNUSED_FUNCTION = YES;
				GCC_WARN_UNUSED_VARIABLE = YES;
				IPHONEOS_DEPLOYMENT_TARGET = 8.1;
				MTL_ENABLE_DEBUG_INFO = YES;
				ONLY_ACTIVE_ARCH = YES;
				SDKROOT = iphoneos;
				TARGETED_DEVICE_FAMILY = "1,2";
			};
			name = Debug;
		};
		90089B4D1A29CCAE00148B04 /* Release */ = {
			isa = XCBuildConfiguration;
			buildSettings = {
				ALWAYS_SEARCH_USER_PATHS = NO;
				CLANG_CXX_LANGUAGE_STANDARD = "gnu++0x";
				CLANG_CXX_LIBRARY = "libc++";
				CLANG_ENABLE_MODULES = YES;
				CLANG_ENABLE_OBJC_ARC = YES;
				CLANG_WARN_BOOL_CONVERSION = YES;
				CLANG_WARN_CONSTANT_CONVERSION = YES;
				CLANG_WARN_DIRECT_OBJC_ISA_USAGE = YES_ERROR;
				CLANG_WARN_EMPTY_BODY = YES;
				CLANG_WARN_ENUM_CONVERSION = YES;
				CLANG_WARN_INT_CONVERSION = YES;
				CLANG_WARN_OBJC_ROOT_CLASS = YES_ERROR;
				CLANG_WARN_UNREACHABLE_CODE = YES;
				CLANG_WARN__DUPLICATE_METHOD_MATCH = YES;
				"CODE_SIGN_IDENTITY[sdk=iphoneos*]" = "iPhone Developer";
				COPY_PHASE_STRIP = YES;
				ENABLE_NS_ASSERTIONS = NO;
				ENABLE_STRICT_OBJC_MSGSEND = YES;
				GCC_C_LANGUAGE_STANDARD = gnu99;
				GCC_WARN_64_TO_32_BIT_CONVERSION = YES;
				GCC_WARN_ABOUT_RETURN_TYPE = YES_ERROR;
				GCC_WARN_UNDECLARED_SELECTOR = YES;
				GCC_WARN_UNINITIALIZED_AUTOS = YES_AGGRESSIVE;
				GCC_WARN_UNUSED_FUNCTION = YES;
				GCC_WARN_UNUSED_VARIABLE = YES;
				IPHONEOS_DEPLOYMENT_TARGET = 8.1;
				MTL_ENABLE_DEBUG_INFO = NO;
				SDKROOT = iphoneos;
				TARGETED_DEVICE_FAMILY = "1,2";
				VALIDATE_PRODUCT = YES;
			};
			name = Release;
		};
		90089B4F1A29CCAE00148B04 /* Debug */ = {
			isa = XCBuildConfiguration;
			baseConfigurationReference = 81B478D9A7A8900BFA4ABA3B /* Pods-iProps.debug.xcconfig */;
			buildSettings = {
				ASSETCATALOG_COMPILER_APPICON_NAME = AppIcon;
				CODE_SIGN_IDENTITY = "iPhone Developer: Michał Kazmierczak (93E57HZNE4)";
				"CODE_SIGN_IDENTITY[sdk=iphoneos*]" = "iPhone Developer: Michał Kazmierczak (93E57HZNE4)";
				INFOPLIST_FILE = iProps/Info.plist;
				IPHONEOS_DEPLOYMENT_TARGET = 7.1;
				LD_RUNPATH_SEARCH_PATHS = "$(inherited) @executable_path/Frameworks";
				PRODUCT_NAME = "$(TARGET_NAME)";
				PROVISIONING_PROFILE = "c89ebb48-358e-43ba-86ba-d44bbc3ea2f1";
			};
			name = Debug;
		};
		90089B501A29CCAE00148B04 /* Release */ = {
			isa = XCBuildConfiguration;
			baseConfigurationReference = 9A195377468B20AF4E3D8DFC /* Pods-iProps.release.xcconfig */;
			buildSettings = {
				ASSETCATALOG_COMPILER_APPICON_NAME = AppIcon;
				CODE_SIGN_IDENTITY = "iPhone Developer: Michał Kazmierczak (93E57HZNE4)";
				"CODE_SIGN_IDENTITY[sdk=iphoneos*]" = "iPhone Developer: Michał Kazmierczak (93E57HZNE4)";
				INFOPLIST_FILE = iProps/Info.plist;
				IPHONEOS_DEPLOYMENT_TARGET = 7.1;
				LD_RUNPATH_SEARCH_PATHS = "$(inherited) @executable_path/Frameworks";
				PRODUCT_NAME = "$(TARGET_NAME)";
				PROVISIONING_PROFILE = "c89ebb48-358e-43ba-86ba-d44bbc3ea2f1";
			};
			name = Release;
		};
		90089B521A29CCAE00148B04 /* Debug */ = {
			isa = XCBuildConfiguration;
			buildSettings = {
				BUNDLE_LOADER = "$(TEST_HOST)";
				FRAMEWORK_SEARCH_PATHS = (
					"$(SDKROOT)/Developer/Library/Frameworks",
					"$(inherited)",
				);
				GCC_PREPROCESSOR_DEFINITIONS = (
					"DEBUG=1",
					"$(inherited)",
				);
				INFOPLIST_FILE = iPropsTests/Info.plist;
				LD_RUNPATH_SEARCH_PATHS = "$(inherited) @executable_path/Frameworks @loader_path/Frameworks";
				PRODUCT_NAME = "$(TARGET_NAME)";
				TEST_HOST = "$(BUILT_PRODUCTS_DIR)/iProps.app/iProps";
			};
			name = Debug;
		};
		90089B531A29CCAE00148B04 /* Release */ = {
			isa = XCBuildConfiguration;
			buildSettings = {
				BUNDLE_LOADER = "$(TEST_HOST)";
				FRAMEWORK_SEARCH_PATHS = (
					"$(SDKROOT)/Developer/Library/Frameworks",
					"$(inherited)",
				);
				INFOPLIST_FILE = iPropsTests/Info.plist;
				LD_RUNPATH_SEARCH_PATHS = "$(inherited) @executable_path/Frameworks @loader_path/Frameworks";
				PRODUCT_NAME = "$(TARGET_NAME)";
				TEST_HOST = "$(BUILT_PRODUCTS_DIR)/iProps.app/iProps";
			};
			name = Release;
		};
/* End XCBuildConfiguration section */

/* Begin XCConfigurationList section */
		90089B261A29CCAE00148B04 /* Build configuration list for PBXProject "iProps" */ = {
			isa = XCConfigurationList;
			buildConfigurations = (
				90089B4C1A29CCAE00148B04 /* Debug */,
				90089B4D1A29CCAE00148B04 /* Release */,
			);
			defaultConfigurationIsVisible = 0;
			defaultConfigurationName = Release;
		};
		90089B4E1A29CCAE00148B04 /* Build configuration list for PBXNativeTarget "iProps" */ = {
			isa = XCConfigurationList;
			buildConfigurations = (
				90089B4F1A29CCAE00148B04 /* Debug */,
				90089B501A29CCAE00148B04 /* Release */,
			);
			defaultConfigurationIsVisible = 0;
			defaultConfigurationName = Release;
		};
		90089B511A29CCAE00148B04 /* Build configuration list for PBXNativeTarget "iPropsTests" */ = {
			isa = XCConfigurationList;
			buildConfigurations = (
				90089B521A29CCAE00148B04 /* Debug */,
				90089B531A29CCAE00148B04 /* Release */,
			);
			defaultConfigurationIsVisible = 0;
			defaultConfigurationName = Release;
		};
/* End XCConfigurationList section */
	};
	rootObject = 90089B231A29CCAE00148B04 /* Project object */;
}
